
Microsoft Visual Studio Solution File, Format Version 12.00
# Visual Studio 15
VisualStudioVersion = 15.0.28010.2036
MinimumVisualStudioVersion = 10.0.40219.1
Project("{8BC9CEB8-8B4A-11D0-8D11-00A0C91BC942}") = "Lab1", "Lab1\Lab1.vcxproj", "{CEFC4B64-A4D6-433C-B333-4508D2D466DA}"
EndProject
Global
	GlobalSection(SolutionConfigurationPlatforms) = preSolution
		Debug|x64 = Debug|x64
		Debug|x86 = Debug|x86
		Release|x64 = Release|x64
		Release|x86 = Release|x86
	EndGlobalSection
	GlobalSection(ProjectConfigurationPlatforms) = postSolution
		{CEFC4B64-A4D6-433C-B333-4508D2D466DA}.Debug|x64.ActiveCfg = Debug|x64
		{CEFC4B64-A4D6-433C-B333-4508D2D466DA}.Debug|x64.Build.0 = Debug|x64
		{CEFC4B64-A4D6-433C-B333-4508D2D466DA}.Debug|x86.ActiveCfg = Debug|Win32
		{CEFC4B64-A4D6-433C-B333-4508D2D466DA}.Debug|x86.Build.0 = Debug|Win32
		{CEFC4B64-A4D6-433C-B333-4508D2D466DA}.Release|x64.ActiveCfg = Release|x64
		{CEFC4B64-A4D6-433C-B333-4508D2D466DA}.Release|x64.Build.0 = Release|x64
		{CEFC4B64-A4D6-433C-B333-4508D2D466DA}.Release|x86.ActiveCfg = Release|Win32
		{CEFC4B64-A4D6-433C-B333-4508D2D466DA}.Release|x86.Build.0 = Release|Win32
	EndGlobalSection
	GlobalSection(SolutionProperties) = preSolution
		HideSolutionNode = FALSE
	EndGlobalSection
	GlobalSection(ExtensibilityGlobals) = postSolution
		SolutionGuid = {60F4E199-8E82-42A6-B30F-4E6DC0FF3A5D}
	EndGlobalSection
EndGlobal
